# This file is autogenerated, do not edit; changes may be undone by the next 'dep ensure'.


[[projects]]
  branch = "master"
  name = "github.com/golang/glog"
  packages = ["."]
  revision = "23def4e6c14b4da8ac2ed8007337bc5eb5007998"

[[projects]]
  name = "github.com/julienschmidt/httprouter"
  packages = ["."]
  revision = "348b672cd90d8190f8240323e372ecd1e66b59dc"
  version = "v1.2.0"

[[projects]]
  branch = "master"
  name = "github.com/obipawan/elfin"
  packages = ["lifecycle","middlewares"]
  revision = "9d2bc95a58cb819629fc4f1b95bef2e6f18a5174"

[solve-meta]
  analyzer-name = "dep"
  analyzer-version = 1
  inputs-digest = "afb5b4e10f15f81de26d5531a222edc1bf9a361b4e053e598be1220542501329"
  solver-name = "gps-cdcl"
  solver-version = 1
